
Microsoft Visual Studio Solution File, Format Version 12.00
# Visual Studio Version 17
VisualStudioVersion = 17.8.34408.163
MinimumVisualStudioVersion = 10.0.40219.1
Project("{FAE04EC0-301F-11D3-BF4B-00C04F79EFBC}") = "Modul02_1302220108", "Modul02_1302220108\Modul02_1302220108.csproj", "{BA242CA6-5B2F-409F-9A9F-8343CD39B257}"
EndProject
Global
	GlobalSection(SolutionConfigurationPlatforms) = preSolution
		Debug|Any CPU = Debug|Any CPU
		Release|Any CPU = Release|Any CPU
	EndGlobalSection
	GlobalSection(ProjectConfigurationPlatforms) = postSolution
		{BA242CA6-5B2F-409F-9A9F-8343CD39B257}.Debug|Any CPU.ActiveCfg = Debug|Any CPU
		{BA242CA6-5B2F-409F-9A9F-8343CD39B257}.Debug|Any CPU.Build.0 = Debug|Any CPU
		{BA242CA6-5B2F-409F-9A9F-8343CD39B257}.Release|Any CPU.ActiveCfg = Release|Any CPU
		{BA242CA6-5B2F-409F-9A9F-8343CD39B257}.Release|Any CPU.Build.0 = Release|Any CPU
	EndGlobalSection
	GlobalSection(SolutionProperties) = preSolution
		HideSolutionNode = FALSE
	EndGlobalSection
	GlobalSection(ExtensibilityGlobals) = postSolution
		SolutionGuid = {0137D8A7-EC2D-4F3B-BC6B-A9080425CBB2}
	EndGlobalSection
EndGlobal
